
Microsoft Visual Studio Solution File, Format Version 12.00
# Visual Studio Version 17
VisualStudioVersion = 17.9.34723.18
MinimumVisualStudioVersion = 10.0.40219.1
Project("{FAE04EC0-301F-11D3-BF4B-00C04F79EFBC}") = "HomeeAPI", "HomeeAPI\HomeeAPI.csproj", "{9FD609B8-210E-4825-93D6-887750FF83D3}"
EndProject
Project("{FAE04EC0-301F-11D3-BF4B-00C04F79EFBC}") = "HomeeRepositories", "HomeeRepositories\HomeeRepositories.csproj", "{64403F2D-03E0-44D5-9B28-668A1FEF0F5B}"
EndProject
Global
	GlobalSection(SolutionConfigurationPlatforms) = preSolution
		Debug|Any CPU = Debug|Any CPU
		Release|Any CPU = Release|Any CPU
	EndGlobalSection
	GlobalSection(ProjectConfigurationPlatforms) = postSolution
		{9FD609B8-210E-4825-93D6-887750FF83D3}.Debug|Any CPU.ActiveCfg = Debug|Any CPU
		{9FD609B8-210E-4825-93D6-887750FF83D3}.Debug|Any CPU.Build.0 = Debug|Any CPU
		{9FD609B8-210E-4825-93D6-887750FF83D3}.Release|Any CPU.ActiveCfg = Release|Any CPU
		{9FD609B8-210E-4825-93D6-887750FF83D3}.Release|Any CPU.Build.0 = Release|Any CPU
		{64403F2D-03E0-44D5-9B28-668A1FEF0F5B}.Debug|Any CPU.ActiveCfg = Debug|Any CPU
		{64403F2D-03E0-44D5-9B28-668A1FEF0F5B}.Debug|Any CPU.Build.0 = Debug|Any CPU
		{64403F2D-03E0-44D5-9B28-668A1FEF0F5B}.Release|Any CPU.ActiveCfg = Release|Any CPU
		{64403F2D-03E0-44D5-9B28-668A1FEF0F5B}.Release|Any CPU.Build.0 = Release|Any CPU
	EndGlobalSection
	GlobalSection(SolutionProperties) = preSolution
		HideSolutionNode = FALSE
	EndGlobalSection
	GlobalSection(ExtensibilityGlobals) = postSolution
		SolutionGuid = {E0B8B53A-D5E9-4355-972E-5DEFB80B8BE2}
	EndGlobalSection
EndGlobal
